
Microsoft Visual Studio Solution File, Format Version 12.00
# Visual Studio Version 17
VisualStudioVersion = 17.8.34408.163
MinimumVisualStudioVersion = 10.0.40219.1
Project("{9A19103F-16F7-4668-BE54-9A1E7A4F7556}") = "Sprachfeatures", "Sprachfeatures\Sprachfeatures.csproj", "{5171A9C5-5B4F-46A1-B3D1-6DDD861D82FD}"
EndProject
Project("{9A19103F-16F7-4668-BE54-9A1E7A4F7556}") = "TopLevelStatements", "TopLevelStatements\TopLevelStatements.csproj", "{B2FCCE1E-DF37-475B-83E3-2024B279EAF1}"
EndProject
Project("{9A19103F-16F7-4668-BE54-9A1E7A4F7556}") = "Generics", "Generics\Generics.csproj", "{0BC6E371-744E-4CED-8E86-50B33DC5C301}"
EndProject
Project("{9A19103F-16F7-4668-BE54-9A1E7A4F7556}") = "DelegatesEvents", "DelegatesEvents\DelegatesEvents.csproj", "{A30BDF12-56FD-4E74-9088-56D63F04F677}"
EndProject
Project("{9A19103F-16F7-4668-BE54-9A1E7A4F7556}") = "DelegatesWPF", "DelegatesWPF\DelegatesWPF.csproj", "{CC47C4C8-03F3-4AC6-A8A4-33977E8F142E}"
EndProject
Project("{9A19103F-16F7-4668-BE54-9A1E7A4F7556}") = "Serialisierung", "Serialisierung\Serialisierung.csproj", "{F683E76C-C53B-4D7A-A1CA-CA9206A3F244}"
EndProject
Project("{9A19103F-16F7-4668-BE54-9A1E7A4F7556}") = "Multitasking", "Multitasking\Multitasking.csproj", "{7D2AC1E0-4C4D-45DA-95DE-FC1B4168AB7A}"
EndProject
Project("{9A19103F-16F7-4668-BE54-9A1E7A4F7556}") = "AsyncAwait", "AsyncAwait\AsyncAwait.csproj", "{83495415-589A-484E-90D8-480DB7CC6BF7}"
EndProject
Project("{9A19103F-16F7-4668-BE54-9A1E7A4F7556}") = "AsyncAwaitWPF", "AsyncAwaitWPF\AsyncAwaitWPF.csproj", "{93AE2955-DF7E-4537-892E-C74429E97A38}"
EndProject
Project("{FAE04EC0-301F-11D3-BF4B-00C04F79EFBC}") = "LinqErweiterungsmethoden", "LinqErweiterungsmethoden\LinqErweiterungsmethoden.csproj", "{EEF90849-9ADF-4950-AD52-3E637C81FEF7}"
EndProject
Global
	GlobalSection(SolutionConfigurationPlatforms) = preSolution
		Debug|Any CPU = Debug|Any CPU
		Release|Any CPU = Release|Any CPU
	EndGlobalSection
	GlobalSection(ProjectConfigurationPlatforms) = postSolution
		{5171A9C5-5B4F-46A1-B3D1-6DDD861D82FD}.Debug|Any CPU.ActiveCfg = Debug|Any CPU
		{5171A9C5-5B4F-46A1-B3D1-6DDD861D82FD}.Debug|Any CPU.Build.0 = Debug|Any CPU
		{5171A9C5-5B4F-46A1-B3D1-6DDD861D82FD}.Release|Any CPU.ActiveCfg = Release|Any CPU
		{5171A9C5-5B4F-46A1-B3D1-6DDD861D82FD}.Release|Any CPU.Build.0 = Release|Any CPU
		{B2FCCE1E-DF37-475B-83E3-2024B279EAF1}.Debug|Any CPU.ActiveCfg = Debug|Any CPU
		{B2FCCE1E-DF37-475B-83E3-2024B279EAF1}.Debug|Any CPU.Build.0 = Debug|Any CPU
		{B2FCCE1E-DF37-475B-83E3-2024B279EAF1}.Release|Any CPU.ActiveCfg = Release|Any CPU
		{B2FCCE1E-DF37-475B-83E3-2024B279EAF1}.Release|Any CPU.Build.0 = Release|Any CPU
		{0BC6E371-744E-4CED-8E86-50B33DC5C301}.Debug|Any CPU.ActiveCfg = Debug|Any CPU
		{0BC6E371-744E-4CED-8E86-50B33DC5C301}.Debug|Any CPU.Build.0 = Debug|Any CPU
		{0BC6E371-744E-4CED-8E86-50B33DC5C301}.Release|Any CPU.ActiveCfg = Release|Any CPU
		{0BC6E371-744E-4CED-8E86-50B33DC5C301}.Release|Any CPU.Build.0 = Release|Any CPU
		{A30BDF12-56FD-4E74-9088-56D63F04F677}.Debug|Any CPU.ActiveCfg = Debug|Any CPU
		{A30BDF12-56FD-4E74-9088-56D63F04F677}.Debug|Any CPU.Build.0 = Debug|Any CPU
		{A30BDF12-56FD-4E74-9088-56D63F04F677}.Release|Any CPU.ActiveCfg = Release|Any CPU
		{A30BDF12-56FD-4E74-9088-56D63F04F677}.Release|Any CPU.Build.0 = Release|Any CPU
		{CC47C4C8-03F3-4AC6-A8A4-33977E8F142E}.Debug|Any CPU.ActiveCfg = Debug|Any CPU
		{CC47C4C8-03F3-4AC6-A8A4-33977E8F142E}.Debug|Any CPU.Build.0 = Debug|Any CPU
		{CC47C4C8-03F3-4AC6-A8A4-33977E8F142E}.Release|Any CPU.ActiveCfg = Release|Any CPU
		{CC47C4C8-03F3-4AC6-A8A4-33977E8F142E}.Release|Any CPU.Build.0 = Release|Any CPU
		{F683E76C-C53B-4D7A-A1CA-CA9206A3F244}.Debug|Any CPU.ActiveCfg = Debug|Any CPU
		{F683E76C-C53B-4D7A-A1CA-CA9206A3F244}.Debug|Any CPU.Build.0 = Debug|Any CPU
		{F683E76C-C53B-4D7A-A1CA-CA9206A3F244}.Release|Any CPU.ActiveCfg = Release|Any CPU
		{F683E76C-C53B-4D7A-A1CA-CA9206A3F244}.Release|Any CPU.Build.0 = Release|Any CPU
		{7D2AC1E0-4C4D-45DA-95DE-FC1B4168AB7A}.Debug|Any CPU.ActiveCfg = Debug|Any CPU
		{7D2AC1E0-4C4D-45DA-95DE-FC1B4168AB7A}.Debug|Any CPU.Build.0 = Debug|Any CPU
		{7D2AC1E0-4C4D-45DA-95DE-FC1B4168AB7A}.Release|Any CPU.ActiveCfg = Release|Any CPU
		{7D2AC1E0-4C4D-45DA-95DE-FC1B4168AB7A}.Release|Any CPU.Build.0 = Release|Any CPU
		{83495415-589A-484E-90D8-480DB7CC6BF7}.Debug|Any CPU.ActiveCfg = Debug|Any CPU
		{83495415-589A-484E-90D8-480DB7CC6BF7}.Debug|Any CPU.Build.0 = Debug|Any CPU
		{83495415-589A-484E-90D8-480DB7CC6BF7}.Release|Any CPU.ActiveCfg = Release|Any CPU
		{83495415-589A-484E-90D8-480DB7CC6BF7}.Release|Any CPU.Build.0 = Release|Any CPU
		{93AE2955-DF7E-4537-892E-C74429E97A38}.Debug|Any CPU.ActiveCfg = Debug|Any CPU
		{93AE2955-DF7E-4537-892E-C74429E97A38}.Debug|Any CPU.Build.0 = Debug|Any CPU
		{93AE2955-DF7E-4537-892E-C74429E97A38}.Release|Any CPU.ActiveCfg = Release|Any CPU
		{93AE2955-DF7E-4537-892E-C74429E97A38}.Release|Any CPU.Build.0 = Release|Any CPU
		{EEF90849-9ADF-4950-AD52-3E637C81FEF7}.Debug|Any CPU.ActiveCfg = Debug|Any CPU
		{EEF90849-9ADF-4950-AD52-3E637C81FEF7}.Debug|Any CPU.Build.0 = Debug|Any CPU
		{EEF90849-9ADF-4950-AD52-3E637C81FEF7}.Release|Any CPU.ActiveCfg = Release|Any CPU
		{EEF90849-9ADF-4950-AD52-3E637C81FEF7}.Release|Any CPU.Build.0 = Release|Any CPU
	EndGlobalSection
	GlobalSection(SolutionProperties) = preSolution
		HideSolutionNode = FALSE
	EndGlobalSection
	GlobalSection(ExtensibilityGlobals) = postSolution
		SolutionGuid = {017757B4-A260-41EB-9B2B-72439F3CAF93}
	EndGlobalSection
EndGlobal
